
Microsoft Visual Studio Solution File, Format Version 12.00
# Visual Studio Version 17
VisualStudioVersion = 17.3.32929.385
MinimumVisualStudioVersion = 10.0.40219.1
Project("{FAE04EC0-301F-11D3-BF4B-00C04F79EFBC}") = "assignment7UI", "assignment7UI\assignment7UI.csproj", "{E7FA0086-41C2-4453-B2FC-269B9532A4CC}"
EndProject
Global
	GlobalSection(SolutionConfigurationPlatforms) = preSolution
		Debug|Any CPU = Debug|Any CPU
		Release|Any CPU = Release|Any CPU
	EndGlobalSection
	GlobalSection(ProjectConfigurationPlatforms) = postSolution
		{E7FA0086-41C2-4453-B2FC-269B9532A4CC}.Debug|Any CPU.ActiveCfg = Debug|Any CPU
		{E7FA0086-41C2-4453-B2FC-269B9532A4CC}.Debug|Any CPU.Build.0 = Debug|Any CPU
		{E7FA0086-41C2-4453-B2FC-269B9532A4CC}.Release|Any CPU.ActiveCfg = Release|Any CPU
		{E7FA0086-41C2-4453-B2FC-269B9532A4CC}.Release|Any CPU.Build.0 = Release|Any CPU
	EndGlobalSection
	GlobalSection(SolutionProperties) = preSolution
		HideSolutionNode = FALSE
	EndGlobalSection
	GlobalSection(ExtensibilityGlobals) = postSolution
		SolutionGuid = {678803E9-8B12-4723-B004-48C37063DE14}
	EndGlobalSection
EndGlobal
