
Microsoft Visual Studio Solution File, Format Version 12.00
# Visual Studio Version 16
VisualStudioVersion = 16.0.32929.386
MinimumVisualStudioVersion = 10.0.40219.1
Project("{FAE04EC0-301F-11D3-BF4B-00C04F79EFBC}") = "Assignment1.4", "Assignment1.4.csproj", "{30E9E5F6-F1E0-4491-81CF-5E506A0F84F7}"
EndProject
Global
	GlobalSection(SolutionConfigurationPlatforms) = preSolution
		Debug|Any CPU = Debug|Any CPU
		Release|Any CPU = Release|Any CPU
	EndGlobalSection
	GlobalSection(ProjectConfigurationPlatforms) = postSolution
		{30E9E5F6-F1E0-4491-81CF-5E506A0F84F7}.Debug|Any CPU.ActiveCfg = Debug|Any CPU
		{30E9E5F6-F1E0-4491-81CF-5E506A0F84F7}.Debug|Any CPU.Build.0 = Debug|Any CPU
		{30E9E5F6-F1E0-4491-81CF-5E506A0F84F7}.Release|Any CPU.ActiveCfg = Release|Any CPU
		{30E9E5F6-F1E0-4491-81CF-5E506A0F84F7}.Release|Any CPU.Build.0 = Release|Any CPU
	EndGlobalSection
	GlobalSection(SolutionProperties) = preSolution
		HideSolutionNode = FALSE
	EndGlobalSection
	GlobalSection(ExtensibilityGlobals) = postSolution
		SolutionGuid = {5C41A16F-343B-4A8B-8C19-3F3F592769FC}
	EndGlobalSection
EndGlobal
